// !$*UTF8*$!
{
	archiveVersion = 1;
	classes = {
	};
	objectVersion = 50;
	objects = {

/* Begin PBXBuildFile section */
		2311AC0A2178E31500137A84 /* Colors.xcassets in Resources */ = {isa = PBXBuildFile; fileRef = 2311AC092178E31500137A84 /* Colors.xcassets */; };
		231688492121C92C003C820E /* AppDelegate.swift in Sources */ = {isa = PBXBuildFile; fileRef = 231688482121C92C003C820E /* AppDelegate.swift */; };
		2316884B2121C92C003C820E /* LoginViewController.swift in Sources */ = {isa = PBXBuildFile; fileRef = 2316884A2121C92C003C820E /* LoginViewController.swift */; };
		2316884E2121C92C003C820E /* Main.storyboard in Resources */ = {isa = PBXBuildFile; fileRef = 2316884C2121C92C003C820E /* Main.storyboard */; };
		231688502121C92D003C820E /* Assets.xcassets in Resources */ = {isa = PBXBuildFile; fileRef = 2316884F2121C92D003C820E /* Assets.xcassets */; };
		231688532121C92D003C820E /* LaunchScreen.storyboard in Resources */ = {isa = PBXBuildFile; fileRef = 231688512121C92D003C820E /* LaunchScreen.storyboard */; };
		231688652121CA51003C820E /* StudentListViewController.swift in Sources */ = {isa = PBXBuildFile; fileRef = 231688642121CA51003C820E /* StudentListViewController.swift */; };
		2316886A2121CADA003C820E /* LoginButton.swift in Sources */ = {isa = PBXBuildFile; fileRef = 231688692121CADA003C820E /* LoginButton.swift */; };
		231688732121CB2D003C820E /* StudentsModel.swift in Sources */ = {isa = PBXBuildFile; fileRef = 231688722121CB2D003C820E /* StudentsModel.swift */; };
		231688752121CB43003C820E /* StudentLocation.swift in Sources */ = {isa = PBXBuildFile; fileRef = 231688742121CB43003C820E /* StudentLocation.swift */; };
		231688772121CB50003C820E /* StudentResults.swift in Sources */ = {isa = PBXBuildFile; fileRef = 231688762121CB50003C820E /* StudentResults.swift */; };
		231688832121CBE3003C820E /* LoginRequest.swift in Sources */ = {isa = PBXBuildFile; fileRef = 231688822121CBE3003C820E /* LoginRequest.swift */; };
		2316888B212230C8003C820E /* UIViewController+Extension.swift in Sources */ = {isa = PBXBuildFile; fileRef = 2316888A212230C8003C820E /* UIViewController+Extension.swift */; };
		2316888D2122322D003C820E /* Colors.swift in Sources */ = {isa = PBXBuildFile; fileRef = 2316888C2122322D003C820E /* Colors.swift */; };
		2316888F2122646A003C820E /* GradientView.swift in Sources */ = {isa = PBXBuildFile; fileRef = 2316888E2122646A003C820E /* GradientView.swift */; };
		2316889121226AE7003C820E /* LoginTextField.swift in Sources */ = {isa = PBXBuildFile; fileRef = 2316889021226AE7003C820E /* LoginTextField.swift */; };
		6F811CCA21F1D58100D961D4 /* StudentPostLocationResponse.swift in Sources */ = {isa = PBXBuildFile; fileRef = 6F811CC921F1D58100D961D4 /* StudentPostLocationResponse.swift */; };
		6FF17C6521EE0167006FFB0B /* LoginClient.swift in Sources */ = {isa = PBXBuildFile; fileRef = 6FF17C6421EE0167006FFB0B /* LoginClient.swift */; };
		6FF17C6721EE0199006FFB0B /* ParseClient.swift in Sources */ = {isa = PBXBuildFile; fileRef = 6FF17C6621EE0199006FFB0B /* ParseClient.swift */; };
		6FF17C6921EE07B1006FFB0B /* LoginResponse.swift in Sources */ = {isa = PBXBuildFile; fileRef = 6FF17C6821EE07B1006FFB0B /* LoginResponse.swift */; };
		6FF17C6B21F0AD85006FFB0B /* MapViewController.swift in Sources */ = {isa = PBXBuildFile; fileRef = 6FF17C6A21F0AD85006FFB0B /* MapViewController.swift */; };
		6FF17C6D21F0C040006FFB0B /* AddLocationViewController.swift in Sources */ = {isa = PBXBuildFile; fileRef = 6FF17C6C21F0C040006FFB0B /* AddLocationViewController.swift */; };
		6FF17C6F21F1CAB0006FFB0B /* ShowLocationViewController.swift in Sources */ = {isa = PBXBuildFile; fileRef = 6FF17C6E21F1CAB0006FFB0B /* ShowLocationViewController.swift */; };
/* End PBXBuildFile section */

/* Begin PBXFileReference section */
		2311AC092178E31500137A84 /* Colors.xcassets */ = {isa = PBXFileReference; lastKnownFileType = folder.assetcatalog; path = Colors.xcassets; sourceTree = "<group>"; };
		231688452121C92C003C820E /* OnTheMap.app */ = {isa = PBXFileReference; explicitFileType = wrapper.application; includeInIndex = 0; path = OnTheMap.app; sourceTree = BUILT_PRODUCTS_DIR; };
		231688482121C92C003C820E /* AppDelegate.swift */ = {isa = PBXFileReference; lastKnownFileType = sourcecode.swift; path = AppDelegate.swift; sourceTree = "<group>"; };
		2316884A2121C92C003C820E /* LoginViewController.swift */ = {isa = PBXFileReference; lastKnownFileType = sourcecode.swift; path = LoginViewController.swift; sourceTree = "<group>"; };
		2316884D2121C92C003C820E /* Base */ = {isa = PBXFileReference; lastKnownFileType = file.storyboard; name = Base; path = Base.lproj/Main.storyboard; sourceTree = "<group>"; };
		2316884F2121C92D003C820E /* Assets.xcassets */ = {isa = PBXFileReference; lastKnownFileType = folder.assetcatalog; path = Assets.xcassets; sourceTree = "<group>"; };
		231688522121C92D003C820E /* Base */ = {isa = PBXFileReference; lastKnownFileType = file.storyboard; name = Base; path = Base.lproj/LaunchScreen.storyboard; sourceTree = "<group>"; };
		231688542121C92D003C820E /* Info.plist */ = {isa = PBXFileReference; lastKnownFileType = text.plist.xml; path = Info.plist; sourceTree = "<group>"; };
		231688642121CA51003C820E /* StudentListViewController.swift */ = {isa = PBXFileReference; lastKnownFileType = sourcecode.swift; path = StudentListViewController.swift; sourceTree = "<group>"; };
		231688692121CADA003C820E /* LoginButton.swift */ = {isa = PBXFileReference; lastKnownFileType = sourcecode.swift; path = LoginButton.swift; sourceTree = "<group>"; };
		231688722121CB2D003C820E /* StudentsModel.swift */ = {isa = PBXFileReference; lastKnownFileType = sourcecode.swift; path = StudentsModel.swift; sourceTree = "<group>"; };
		231688742121CB43003C820E /* StudentLocation.swift */ = {isa = PBXFileReference; lastKnownFileType = sourcecode.swift; path = StudentLocation.swift; sourceTree = "<group>"; };
		231688762121CB50003C820E /* StudentResults.swift */ = {isa = PBXFileReference; lastKnownFileType = sourcecode.swift; path = StudentResults.swift; sourceTree = "<group>"; };
		231688822121CBE3003C820E /* LoginRequest.swift */ = {isa = PBXFileReference; lastKnownFileType = sourcecode.swift; path = LoginRequest.swift; sourceTree = "<group>"; };
		2316888A212230C8003C820E /* UIViewController+Extension.swift */ = {isa = PBXFileReference; lastKnownFileType = sourcecode.swift; path = "UIViewController+Extension.swift"; sourceTree = "<group>"; };
		2316888C2122322D003C820E /* Colors.swift */ = {isa = PBXFileReference; lastKnownFileType = sourcecode.swift; path = Colors.swift; sourceTree = "<group>"; };
		2316888E2122646A003C820E /* GradientView.swift */ = {isa = PBXFileReference; lastKnownFileType = sourcecode.swift; path = GradientView.swift; sourceTree = "<group>"; };
		2316889021226AE7003C820E /* LoginTextField.swift */ = {isa = PBXFileReference; lastKnownFileType = sourcecode.swift; path = LoginTextField.swift; sourceTree = "<group>"; };
		6F811CC921F1D58100D961D4 /* StudentPostLocationResponse.swift */ = {isa = PBXFileReference; lastKnownFileType = sourcecode.swift; path = StudentPostLocationResponse.swift; sourceTree = "<group>"; };
		6FF17C6421EE0167006FFB0B /* LoginClient.swift */ = {isa = PBXFileReference; lastKnownFileType = sourcecode.swift; path = LoginClient.swift; sourceTree = "<group>"; };
		6FF17C6621EE0199006FFB0B /* ParseClient.swift */ = {isa = PBXFileReference; lastKnownFileType = sourcecode.swift; path = ParseClient.swift; sourceTree = "<group>"; };
		6FF17C6821EE07B1006FFB0B /* LoginResponse.swift */ = {isa = PBXFileReference; lastKnownFileType = sourcecode.swift; path = LoginResponse.swift; sourceTree = "<group>"; };
		6FF17C6A21F0AD85006FFB0B /* MapViewController.swift */ = {isa = PBXFileReference; lastKnownFileType = sourcecode.swift; path = MapViewController.swift; sourceTree = "<group>"; };
		6FF17C6C21F0C040006FFB0B /* AddLocationViewController.swift */ = {isa = PBXFileReference; lastKnownFileType = sourcecode.swift; path = AddLocationViewController.swift; sourceTree = "<group>"; };
		6FF17C6E21F1CAB0006FFB0B /* ShowLocationViewController.swift */ = {isa = PBXFileReference; lastKnownFileType = sourcecode.swift; path = ShowLocationViewController.swift; sourceTree = "<group>"; };
/* End PBXFileReference section */

/* Begin PBXFrameworksBuildPhase section */
		231688422121C92C003C820E /* Frameworks */ = {
			isa = PBXFrameworksBuildPhase;
			buildActionMask = 2147483647;
			files = (
			);
			runOnlyForDeploymentPostprocessing = 0;
		};
/* End PBXFrameworksBuildPhase section */

/* Begin PBXGroup section */
		2316883C2121C92C003C820E = {
			isa = PBXGroup;
			children = (
				231688472121C92C003C820E /* OnTheMap */,
				231688462121C92C003C820E /* Products */,
			);
			sourceTree = "<group>";
		};
		231688462121C92C003C820E /* Products */ = {
			isa = PBXGroup;
			children = (
				231688452121C92C003C820E /* OnTheMap.app */,
			);
			name = Products;
			sourceTree = "<group>";
		};
		231688472121C92C003C820E /* OnTheMap */ = {
			isa = PBXGroup;
			children = (
				231688542121C92D003C820E /* Info.plist */,
				231688482121C92C003C820E /* AppDelegate.swift */,
				2316885A2121C941003C820E /* Model */,
				2316885B2121C951003C820E /* View */,
				2316885C2121C956003C820E /* Controller */,
				2316885D2121C962003C820E /* Assets */,
			);
			path = OnTheMap;
			sourceTree = "<group>";
		};
		2316885A2121C941003C820E /* Model */ = {
			isa = PBXGroup;
			children = (
				231688712121CB22003C820E /* Data */,
				231688662121CA71003C820E /* Clients */,
				231688672121CA79003C820E /* Requests */,
				231688682121CA87003C820E /* Responses */,
			);
			path = Model;
			sourceTree = "<group>";
		};
		2316885B2121C951003C820E /* View */ = {
			isa = PBXGroup;
			children = (
				2316888C2122322D003C820E /* Colors.swift */,
				231688692121CADA003C820E /* LoginButton.swift */,
				2316888E2122646A003C820E /* GradientView.swift */,
				2316889021226AE7003C820E /* LoginTextField.swift */,
			);
			path = View;
			sourceTree = "<group>";
		};
		2316885C2121C956003C820E /* Controller */ = {
			isa = PBXGroup;
			children = (
				2316884A2121C92C003C820E /* LoginViewController.swift */,
				231688642121CA51003C820E /* StudentListViewController.swift */,
				2316888A212230C8003C820E /* UIViewController+Extension.swift */,
				6FF17C6A21F0AD85006FFB0B /* MapViewController.swift */,
				6FF17C6C21F0C040006FFB0B /* AddLocationViewController.swift */,
				6FF17C6E21F1CAB0006FFB0B /* ShowLocationViewController.swift */,
			);
			path = Controller;
			sourceTree = "<group>";
		};
		2316885D2121C962003C820E /* Assets */ = {
			isa = PBXGroup;
			children = (
				2316884C2121C92C003C820E /* Main.storyboard */,
				2316884F2121C92D003C820E /* Assets.xcassets */,
				231688512121C92D003C820E /* LaunchScreen.storyboard */,
				2311AC092178E31500137A84 /* Colors.xcassets */,
			);
			path = Assets;
			sourceTree = "<group>";
		};
		231688662121CA71003C820E /* Clients */ = {
			isa = PBXGroup;
			children = (
				6FF17C6421EE0167006FFB0B /* LoginClient.swift */,
				6FF17C6621EE0199006FFB0B /* ParseClient.swift */,
			);
			path = Clients;
			sourceTree = "<group>";
		};
		231688672121CA79003C820E /* Requests */ = {
			isa = PBXGroup;
			children = (
				231688822121CBE3003C820E /* LoginRequest.swift */,
			);
			path = Requests;
			sourceTree = "<group>";
		};
		231688682121CA87003C820E /* Responses */ = {
			isa = PBXGroup;
			children = (
				231688742121CB43003C820E /* StudentLocation.swift */,
				231688762121CB50003C820E /* StudentResults.swift */,
				6FF17C6821EE07B1006FFB0B /* LoginResponse.swift */,
				6F811CC921F1D58100D961D4 /* StudentPostLocationResponse.swift */,
			);
			path = Responses;
			sourceTree = "<group>";
		};
		231688712121CB22003C820E /* Data */ = {
			isa = PBXGroup;
			children = (
				231688722121CB2D003C820E /* StudentsModel.swift */,
			);
			path = Data;
			sourceTree = "<group>";
		};
/* End PBXGroup section */

/* Begin PBXNativeTarget section */
		231688442121C92C003C820E /* OnTheMap */ = {
			isa = PBXNativeTarget;
			buildConfigurationList = 231688572121C92D003C820E /* Build configuration list for PBXNativeTarget "OnTheMap" */;
			buildPhases = (
				231688412121C92C003C820E /* Sources */,
				231688422121C92C003C820E /* Frameworks */,
				231688432121C92C003C820E /* Resources */,
			);
			buildRules = (
			);
			dependencies = (
			);
			name = OnTheMap;
			productName = TheMovieManager;
			productReference = 231688452121C92C003C820E /* OnTheMap.app */;
			productType = "com.apple.product-type.application";
		};
/* End PBXNativeTarget section */

/* Begin PBXProject section */
		2316883D2121C92C003C820E /* Project object */ = {
			isa = PBXProject;
			attributes = {
				LastSwiftUpdateCheck = 0940;
				LastUpgradeCheck = 0940;
				ORGANIZATIONNAME = Udacity;
				TargetAttributes = {
					231688442121C92C003C820E = {
						CreatedOnToolsVersion = 9.4.1;
						LastSwiftMigration = 1010;
					};
				};
			};
			buildConfigurationList = 231688402121C92C003C820E /* Build configuration list for PBXProject "OnTheMap" */;
			compatibilityVersion = "Xcode 9.3";
			developmentRegion = en;
			hasScannedForEncodings = 0;
			knownRegions = (
				en,
				Base,
			);
			mainGroup = 2316883C2121C92C003C820E;
			productRefGroup = 231688462121C92C003C820E /* Products */;
			projectDirPath = "";
			projectRoot = "";
			targets = (
				231688442121C92C003C820E /* OnTheMap */,
			);
		};
/* End PBXProject section */

/* Begin PBXResourcesBuildPhase section */
		231688432121C92C003C820E /* Resources */ = {
			isa = PBXResourcesBuildPhase;
			buildActionMask = 2147483647;
			files = (
				231688532121C92D003C820E /* LaunchScreen.storyboard in Resources */,
				2311AC0A2178E31500137A84 /* Colors.xcassets in Resources */,
				231688502121C92D003C820E /* Assets.xcassets in Resources */,
				2316884E2121C92C003C820E /* Main.storyboard in Resources */,
			);
			runOnlyForDeploymentPostprocessing = 0;
		};
/* End PBXResourcesBuildPhase section */

/* Begin PBXSourcesBuildPhase section */
		231688412121C92C003C820E /* Sources */ = {
			isa = PBXSourcesBuildPhase;
			buildActionMask = 2147483647;
			files = (
				2316884B2121C92C003C820E /* LoginViewController.swift in Sources */,
				231688732121CB2D003C820E /* StudentsModel.swift in Sources */,
				2316888B212230C8003C820E /* UIViewController+Extension.swift in Sources */,
				231688772121CB50003C820E /* StudentResults.swift in Sources */,
				6FF17C6921EE07B1006FFB0B /* LoginResponse.swift in Sources */,
				6FF17C6721EE0199006FFB0B /* ParseClient.swift in Sources */,
				6F811CCA21F1D58100D961D4 /* StudentPostLocationResponse.swift in Sources */,
				2316888D2122322D003C820E /* Colors.swift in Sources */,
				2316888F2122646A003C820E /* GradientView.swift in Sources */,
				6FF17C6521EE0167006FFB0B /* LoginClient.swift in Sources */,
				231688652121CA51003C820E /* StudentListViewController.swift in Sources */,
				231688492121C92C003C820E /* AppDelegate.swift in Sources */,
				2316889121226AE7003C820E /* LoginTextField.swift in Sources */,
				6FF17C6F21F1CAB0006FFB0B /* ShowLocationViewController.swift in Sources */,
				231688832121CBE3003C820E /* LoginRequest.swift in Sources */,
				231688752121CB43003C820E /* StudentLocation.swift in Sources */,
				6FF17C6D21F0C040006FFB0B /* AddLocationViewController.swift in Sources */,
				2316886A2121CADA003C820E /* LoginButton.swift in Sources */,
				6FF17C6B21F0AD85006FFB0B /* MapViewController.swift in Sources */,
			);
			runOnlyForDeploymentPostprocessing = 0;
		};
/* End PBXSourcesBuildPhase section */

/* Begin PBXVariantGroup section */
		2316884C2121C92C003C820E /* Main.storyboard */ = {
			isa = PBXVariantGroup;
			children = (
				2316884D2121C92C003C820E /* Base */,
			);
			name = Main.storyboard;
			sourceTree = "<group>";
		};
		231688512121C92D003C820E /* LaunchScreen.storyboard */ = {
			isa = PBXVariantGroup;
			children = (
				231688522121C92D003C820E /* Base */,
			);
			name = LaunchScreen.storyboard;
			sourceTree = "<group>";
		};
/* End PBXVariantGroup section */

/* Begin XCBuildConfiguration section */
		231688552121C92D003C820E /* Debug */ = {
			isa = XCBuildConfiguration;
			buildSettings = {
				ALWAYS_SEARCH_USER_PATHS = NO;
				CLANG_ANALYZER_NONNULL = YES;
				CLANG_ANALYZER_NUMBER_OBJECT_CONVERSION = YES_AGGRESSIVE;
				CLANG_CXX_LANGUAGE_STANDARD = "gnu++14";
				CLANG_CXX_LIBRARY = "libc++";
				CLANG_ENABLE_MODULES = YES;
				CLANG_ENABLE_OBJC_ARC = YES;
				CLANG_ENABLE_OBJC_WEAK = YES;
				CLANG_WARN_BLOCK_CAPTURE_AUTORELEASING = YES;
				CLANG_WARN_BOOL_CONVERSION = YES;
				CLANG_WARN_COMMA = YES;
				CLANG_WARN_CONSTANT_CONVERSION = YES;
				CLANG_WARN_DEPRECATED_OBJC_IMPLEMENTATIONS = YES;
				CLANG_WARN_DIRECT_OBJC_ISA_USAGE = YES_ERROR;
				CLANG_WARN_DOCUMENTATION_COMMENTS = YES;
				CLANG_WARN_EMPTY_BODY = YES;
				CLANG_WARN_ENUM_CONVERSION = YES;
				CLANG_WARN_INFINITE_RECURSION = YES;
				CLANG_WARN_INT_CONVERSION = YES;
				CLANG_WARN_NON_LITERAL_NULL_CONVERSION = YES;
				CLANG_WARN_OBJC_IMPLICIT_RETAIN_SELF = YES;
				CLANG_WARN_OBJC_LITERAL_CONVERSION = YES;
				CLANG_WARN_OBJC_ROOT_CLASS = YES_ERROR;
				CLANG_WARN_RANGE_LOOP_ANALYSIS = YES;
				CLANG_WARN_STRICT_PROTOTYPES = YES;
				CLANG_WARN_SUSPICIOUS_MOVE = YES;
				CLANG_WARN_UNGUARDED_AVAILABILITY = YES_AGGRESSIVE;
				CLANG_WARN_UNREACHABLE_CODE = YES;
				CLANG_WARN__DUPLICATE_METHOD_MATCH = YES;
				CODE_SIGN_IDENTITY = "iPhone Developer";
				COPY_PHASE_STRIP = NO;
				DEBUG_INFORMATION_FORMAT = dwarf;
				ENABLE_STRICT_OBJC_MSGSEND = YES;
				ENABLE_TESTABILITY = YES;
				GCC_C_LANGUAGE_STANDARD = gnu11;
				GCC_DYNAMIC_NO_PIC = NO;
				GCC_NO_COMMON_BLOCKS = YES;
				GCC_OPTIMIZATION_LEVEL = 0;
				GCC_PREPROCESSOR_DEFINITIONS = (
					"DEBUG=1",
					"$(inherited)",
				);
				GCC_WARN_64_TO_32_BIT_CONVERSION = YES;
				GCC_WARN_ABOUT_RETURN_TYPE = YES_ERROR;
				GCC_WARN_UNDECLARED_SELECTOR = YES;
				GCC_WARN_UNINITIALIZED_AUTOS = YES_AGGRESSIVE;
				GCC_WARN_UNUSED_FUNCTION = YES;
				GCC_WARN_UNUSED_VARIABLE = YES;
				IPHONEOS_DEPLOYMENT_TARGET = 11.4;
				MTL_ENABLE_DEBUG_INFO = YES;
				ONLY_ACTIVE_ARCH = YES;
				SDKROOT = iphoneos;
				SWIFT_ACTIVE_COMPILATION_CONDITIONS = DEBUG;
				SWIFT_OPTIMIZATION_LEVEL = "-Onone";
			};
			name = Debug;
		};
		231688562121C92D003C820E /* Release */ = {
			isa = XCBuildConfiguration;
			buildSettings = {
				ALWAYS_SEARCH_USER_PATHS = NO;
				CLANG_ANALYZER_NONNULL = YES;
				CLANG_ANALYZER_NUMBER_OBJECT_CONVERSION = YES_AGGRESSIVE;
				CLANG_CXX_LANGUAGE_STANDARD = "gnu++14";
				CLANG_CXX_LIBRARY = "libc++";
				CLANG_ENABLE_MODULES = YES;
				CLANG_ENABLE_OBJC_ARC = YES;
				CLANG_ENABLE_OBJC_WEAK = YES;
				CLANG_WARN_BLOCK_CAPTURE_AUTORELEASING = YES;
				CLANG_WARN_BOOL_CONVERSION = YES;
				CLANG_WARN_COMMA = YES;
				CLANG_WARN_CONSTANT_CONVERSION = YES;
				CLANG_WARN_DEPRECATED_OBJC_IMPLEMENTATIONS = YES;
				CLANG_WARN_DIRECT_OBJC_ISA_USAGE = YES_ERROR;
				CLANG_WARN_DOCUMENTATION_COMMENTS = YES;
				CLANG_WARN_EMPTY_BODY = YES;
				CLANG_WARN_ENUM_CONVERSION = YES;
				CLANG_WARN_INFINITE_RECURSION = YES;
				CLANG_WARN_INT_CONVERSION = YES;
				CLANG_WARN_NON_LITERAL_NULL_CONVERSION = YES;
				CLANG_WARN_OBJC_IMPLICIT_RETAIN_SELF = YES;
				CLANG_WARN_OBJC_LITERAL_CONVERSION = YES;
				CLANG_WARN_OBJC_ROOT_CLASS = YES_ERROR;
				CLANG_WARN_RANGE_LOOP_ANALYSIS = YES;
				CLANG_WARN_STRICT_PROTOTYPES = YES;
				CLANG_WARN_SUSPICIOUS_MOVE = YES;
				CLANG_WARN_UNGUARDED_AVAILABILITY = YES_AGGRESSIVE;
				CLANG_WARN_UNREACHABLE_CODE = YES;
				CLANG_WARN__DUPLICATE_METHOD_MATCH = YES;
				CODE_SIGN_IDENTITY = "iPhone Developer";
				COPY_PHASE_STRIP = NO;
				DEBUG_INFORMATION_FORMAT = "dwarf-with-dsym";
				ENABLE_NS_ASSERTIONS = NO;
				ENABLE_STRICT_OBJC_MSGSEND = YES;
				GCC_C_LANGUAGE_STANDARD = gnu11;
				GCC_NO_COMMON_BLOCKS = YES;
				GCC_WARN_64_TO_32_BIT_CONVERSION = YES;
				GCC_WARN_ABOUT_RETURN_TYPE = YES_ERROR;
				GCC_WARN_UNDECLARED_SELECTOR = YES;
				GCC_WARN_UNINITIALIZED_AUTOS = YES_AGGRESSIVE;
				GCC_WARN_UNUSED_FUNCTION = YES;
				GCC_WARN_UNUSED_VARIABLE = YES;
				IPHONEOS_DEPLOYMENT_TARGET = 11.4;
				MTL_ENABLE_DEBUG_INFO = NO;
				SDKROOT = iphoneos;
				SWIFT_COMPILATION_MODE = wholemodule;
				SWIFT_OPTIMIZATION_LEVEL = "-O";
				VALIDATE_PRODUCT = YES;
			};
			name = Release;
		};
		231688582121C92D003C820E /* Debug */ = {
			isa = XCBuildConfiguration;
			buildSettings = {
				ASSETCATALOG_COMPILER_APPICON_NAME = AppIcon;
				CODE_SIGN_STYLE = Automatic;
				INFOPLIST_FILE = "$(SRCROOT)/OnTheMap/Info.plist";
				IPHONEOS_DEPLOYMENT_TARGET = 12.0;
				LD_RUNPATH_SEARCH_PATHS = (
					"$(inherited)",
					"@executable_path/Frameworks",
				);
				PRODUCT_BUNDLE_IDENTIFIER = no.skytte.onthemap;
				PRODUCT_NAME = "$(TARGET_NAME)";
				SWIFT_VERSION = 4.2;
				TARGETED_DEVICE_FAMILY = "1,2";
			};
			name = Debug;
		};
		231688592121C92D003C820E /* Release */ = {
			isa = XCBuildConfiguration;
			buildSettings = {
				ASSETCATALOG_COMPILER_APPICON_NAME = AppIcon;
				CODE_SIGN_STYLE = Automatic;
				INFOPLIST_FILE = "$(SRCROOT)/OnTheMap/Info.plist";
				IPHONEOS_DEPLOYMENT_TARGET = 12.0;
				LD_RUNPATH_SEARCH_PATHS = (
					"$(inherited)",
					"@executable_path/Frameworks",
				);
				PRODUCT_BUNDLE_IDENTIFIER = no.skytte.onthemap;
				PRODUCT_NAME = "$(TARGET_NAME)";
				SWIFT_VERSION = 4.2;
				TARGETED_DEVICE_FAMILY = "1,2";
			};
			name = Release;
		};
/* End XCBuildConfiguration section */

/* Begin XCConfigurationList section */
		231688402121C92C003C820E /* Build configuration list for PBXProject "OnTheMap" */ = {
			isa = XCConfigurationList;
			buildConfigurations = (
				231688552121C92D003C820E /* Debug */,
				231688562121C92D003C820E /* Release */,
			);
			defaultConfigurationIsVisible = 0;
			defaultConfigurationName = Release;
		};
		231688572121C92D003C820E /* Build configuration list for PBXNativeTarget "OnTheMap" */ = {
			isa = XCConfigurationList;
			buildConfigurations = (
				231688582121C92D003C820E /* Debug */,
				231688592121C92D003C820E /* Release */,
			);
			defaultConfigurationIsVisible = 0;
			defaultConfigurationName = Release;
		};
/* End XCConfigurationList section */
	};
	rootObject = 2316883D2121C92C003C820E /* Project object */;
}
